{
  "name": "1password-sdk-examples",
  "version": "1.0.0",
  "lockfileVersion": 3,
  "requires": true,
  "packages": {
    "": {
      "name": "1password-sdk-examples",
      "dependencies": {
        "@1password/sdk": "../client"
      }
    },
    "../client": {
      "name": "@1password/sdk",
      "version": "1.0.0",
      "license": "MIT",
      "dependencies": {
        "@1password/wasm-core": "../wasm"
      },
      "devDependencies": {
        "@1password/eslint-config": "^4.0.0",
        "@1password/prettier-config": "^1.1.3",
        "@babel/preset-env": "^7.23.8",
        "@jest/globals": "^29.7.0",
        "@types/jest": "^29.5.11",
        "@types/node": "^20.11.0",
        "babel-jest": "^29.7.0",
        "eslint": "^8.54.0",
        "jest": "^29.7.0",
        "jest-environment-jsdom": "^29.6.2",
        "prettier": "3.1.1",
        "prettier-plugin-organize-imports": "^3.2.3",
        "rimraf": "^5.0.0",
        "ts-jest": "^29.1.1",
        "typescript": "^5.3.3"
      }
    },
    "node_modules/@1password/sdk": {
      "resolved": "../client",
      "link": true
    }
  }
}
